
Microsoft Visual Studio Solution File, Format Version 12.00
# Visual Studio Version 16
VisualStudioVersion = 16.0.31624.102
MinimumVisualStudioVersion = 10.0.40219.1
Project("{FAE04EC0-301F-11D3-BF4B-00C04F79EFBC}") = "CoreWebApiDemo1", "CoreWebApiDemo1.csproj", "{D5EAF8F5-9ED1-442C-8EDB-DB878BE98DD3}"
EndProject
Global
	GlobalSection(SolutionConfigurationPlatforms) = preSolution
		Debug|Any CPU = Debug|Any CPU
		Release|Any CPU = Release|Any CPU
	EndGlobalSection
	GlobalSection(ProjectConfigurationPlatforms) = postSolution
		{D5EAF8F5-9ED1-442C-8EDB-DB878BE98DD3}.Debug|Any CPU.ActiveCfg = Debug|Any CPU
		{D5EAF8F5-9ED1-442C-8EDB-DB878BE98DD3}.Debug|Any CPU.Build.0 = Debug|Any CPU
		{D5EAF8F5-9ED1-442C-8EDB-DB878BE98DD3}.Release|Any CPU.ActiveCfg = Release|Any CPU
		{D5EAF8F5-9ED1-442C-8EDB-DB878BE98DD3}.Release|Any CPU.Build.0 = Release|Any CPU
	EndGlobalSection
	GlobalSection(SolutionProperties) = preSolution
		HideSolutionNode = FALSE
	EndGlobalSection
	GlobalSection(ExtensibilityGlobals) = postSolution
		SolutionGuid = {480F1B28-4F0E-475F-8C51-D44CC4DC9917}
	EndGlobalSection
EndGlobal
